
Microsoft Visual Studio Solution File, Format Version 12.00
# Visual Studio 15
VisualStudioVersion = 15.0.26124.0
MinimumVisualStudioVersion = 15.0.26124.0
Project("{2150E333-8FDC-42A3-9474-1A3956D46DE8}") = "src", "src", "{A127098F-0819-4486-8CF4-C01E4C608C23}"
EndProject
Project("{FAE04EC0-301F-11D3-BF4B-00C04F79EFBC}") = "DotnetSpawn", "src\DotnetSpawn\DotnetSpawn.csproj", "{ECB4111B-2666-468A-8684-D1BDE22097E5}"
EndProject
Project("{FAE04EC0-301F-11D3-BF4B-00C04F79EFBC}") = "DotnetSpawn.Plugin", "src\DotnetSpawn.Plugin\DotnetSpawn.Plugin.csproj", "{C25438E0-387C-483D-9B76-127C56C67D19}"
EndProject
Project("{FAE04EC0-301F-11D3-BF4B-00C04F79EFBC}") = "DotnetSpawn.Bitbucket", "src\DotnetSpawn.Bitbucket\DotnetSpawn.Bitbucket.csproj", "{E76CDCF2-9FAD-430E-8A94-B725E263249D}"
EndProject
Project("{FAE04EC0-301F-11D3-BF4B-00C04F79EFBC}") = "DotnetSpawn.DotnetCLI", "src\DotnetSpawn.DotnetCLI\DotnetSpawn.DotnetCLI.csproj", "{68093F66-B950-4DCB-9A86-33D2E99DD266}"
EndProject
Project("{FAE04EC0-301F-11D3-BF4B-00C04F79EFBC}") = "DotnetSpawn.OctopusDeploy", "src\DotnetSpawn.OctopusDeploy\DotnetSpawn.OctopusDeploy.csproj", "{05DFCFD6-049E-41C7-9B5A-067A8F1D0980}"
EndProject
Project("{FAE04EC0-301F-11D3-BF4B-00C04F79EFBC}") = "DotnetSpawn.TeamCity", "src\DotnetSpawn.TeamCity\DotnetSpawn.TeamCity.csproj", "{DA0CA8F6-F589-474E-851B-30E4D532F508}"
EndProject
Project("{FAE04EC0-301F-11D3-BF4B-00C04F79EFBC}") = "TestPlugin", "src\TestPlugin\TestPlugin.csproj", "{7EC024AF-3125-4CF5-806E-B02FC1D5FA58}"
EndProject
Global
	GlobalSection(SolutionConfigurationPlatforms) = preSolution
		Debug|Any CPU = Debug|Any CPU
		Debug|x64 = Debug|x64
		Debug|x86 = Debug|x86
		Release|Any CPU = Release|Any CPU
		Release|x64 = Release|x64
		Release|x86 = Release|x86
	EndGlobalSection
	GlobalSection(SolutionProperties) = preSolution
		HideSolutionNode = FALSE
	EndGlobalSection
	GlobalSection(ProjectConfigurationPlatforms) = postSolution
		{ECB4111B-2666-468A-8684-D1BDE22097E5}.Debug|Any CPU.ActiveCfg = Debug|Any CPU
		{ECB4111B-2666-468A-8684-D1BDE22097E5}.Debug|Any CPU.Build.0 = Debug|Any CPU
		{ECB4111B-2666-468A-8684-D1BDE22097E5}.Debug|x64.ActiveCfg = Debug|Any CPU
		{ECB4111B-2666-468A-8684-D1BDE22097E5}.Debug|x64.Build.0 = Debug|Any CPU
		{ECB4111B-2666-468A-8684-D1BDE22097E5}.Debug|x86.ActiveCfg = Debug|Any CPU
		{ECB4111B-2666-468A-8684-D1BDE22097E5}.Debug|x86.Build.0 = Debug|Any CPU
		{ECB4111B-2666-468A-8684-D1BDE22097E5}.Release|Any CPU.ActiveCfg = Release|Any CPU
		{ECB4111B-2666-468A-8684-D1BDE22097E5}.Release|Any CPU.Build.0 = Release|Any CPU
		{ECB4111B-2666-468A-8684-D1BDE22097E5}.Release|x64.ActiveCfg = Release|Any CPU
		{ECB4111B-2666-468A-8684-D1BDE22097E5}.Release|x64.Build.0 = Release|Any CPU
		{ECB4111B-2666-468A-8684-D1BDE22097E5}.Release|x86.ActiveCfg = Release|Any CPU
		{ECB4111B-2666-468A-8684-D1BDE22097E5}.Release|x86.Build.0 = Release|Any CPU
		{C25438E0-387C-483D-9B76-127C56C67D19}.Debug|Any CPU.ActiveCfg = Debug|Any CPU
		{C25438E0-387C-483D-9B76-127C56C67D19}.Debug|Any CPU.Build.0 = Debug|Any CPU
		{C25438E0-387C-483D-9B76-127C56C67D19}.Debug|x64.ActiveCfg = Debug|Any CPU
		{C25438E0-387C-483D-9B76-127C56C67D19}.Debug|x64.Build.0 = Debug|Any CPU
		{C25438E0-387C-483D-9B76-127C56C67D19}.Debug|x86.ActiveCfg = Debug|Any CPU
		{C25438E0-387C-483D-9B76-127C56C67D19}.Debug|x86.Build.0 = Debug|Any CPU
		{C25438E0-387C-483D-9B76-127C56C67D19}.Release|Any CPU.ActiveCfg = Release|Any CPU
		{C25438E0-387C-483D-9B76-127C56C67D19}.Release|Any CPU.Build.0 = Release|Any CPU
		{C25438E0-387C-483D-9B76-127C56C67D19}.Release|x64.ActiveCfg = Release|Any CPU
		{C25438E0-387C-483D-9B76-127C56C67D19}.Release|x64.Build.0 = Release|Any CPU
		{C25438E0-387C-483D-9B76-127C56C67D19}.Release|x86.ActiveCfg = Release|Any CPU
		{C25438E0-387C-483D-9B76-127C56C67D19}.Release|x86.Build.0 = Release|Any CPU
		{E76CDCF2-9FAD-430E-8A94-B725E263249D}.Debug|Any CPU.ActiveCfg = Debug|Any CPU
		{E76CDCF2-9FAD-430E-8A94-B725E263249D}.Debug|Any CPU.Build.0 = Debug|Any CPU
		{E76CDCF2-9FAD-430E-8A94-B725E263249D}.Debug|x64.ActiveCfg = Debug|Any CPU
		{E76CDCF2-9FAD-430E-8A94-B725E263249D}.Debug|x64.Build.0 = Debug|Any CPU
		{E76CDCF2-9FAD-430E-8A94-B725E263249D}.Debug|x86.ActiveCfg = Debug|Any CPU
		{E76CDCF2-9FAD-430E-8A94-B725E263249D}.Debug|x86.Build.0 = Debug|Any CPU
		{E76CDCF2-9FAD-430E-8A94-B725E263249D}.Release|Any CPU.ActiveCfg = Release|Any CPU
		{E76CDCF2-9FAD-430E-8A94-B725E263249D}.Release|Any CPU.Build.0 = Release|Any CPU
		{E76CDCF2-9FAD-430E-8A94-B725E263249D}.Release|x64.ActiveCfg = Release|Any CPU
		{E76CDCF2-9FAD-430E-8A94-B725E263249D}.Release|x64.Build.0 = Release|Any CPU
		{E76CDCF2-9FAD-430E-8A94-B725E263249D}.Release|x86.ActiveCfg = Release|Any CPU
		{E76CDCF2-9FAD-430E-8A94-B725E263249D}.Release|x86.Build.0 = Release|Any CPU
		{68093F66-B950-4DCB-9A86-33D2E99DD266}.Debug|Any CPU.ActiveCfg = Debug|Any CPU
		{68093F66-B950-4DCB-9A86-33D2E99DD266}.Debug|Any CPU.Build.0 = Debug|Any CPU
		{68093F66-B950-4DCB-9A86-33D2E99DD266}.Debug|x64.ActiveCfg = Debug|Any CPU
		{68093F66-B950-4DCB-9A86-33D2E99DD266}.Debug|x64.Build.0 = Debug|Any CPU
		{68093F66-B950-4DCB-9A86-33D2E99DD266}.Debug|x86.ActiveCfg = Debug|Any CPU
		{68093F66-B950-4DCB-9A86-33D2E99DD266}.Debug|x86.Build.0 = Debug|Any CPU
		{68093F66-B950-4DCB-9A86-33D2E99DD266}.Release|Any CPU.ActiveCfg = Release|Any CPU
		{68093F66-B950-4DCB-9A86-33D2E99DD266}.Release|Any CPU.Build.0 = Release|Any CPU
		{68093F66-B950-4DCB-9A86-33D2E99DD266}.Release|x64.ActiveCfg = Release|Any CPU
		{68093F66-B950-4DCB-9A86-33D2E99DD266}.Release|x64.Build.0 = Release|Any CPU
		{68093F66-B950-4DCB-9A86-33D2E99DD266}.Release|x86.ActiveCfg = Release|Any CPU
		{68093F66-B950-4DCB-9A86-33D2E99DD266}.Release|x86.Build.0 = Release|Any CPU
		{05DFCFD6-049E-41C7-9B5A-067A8F1D0980}.Debug|Any CPU.ActiveCfg = Debug|Any CPU
		{05DFCFD6-049E-41C7-9B5A-067A8F1D0980}.Debug|Any CPU.Build.0 = Debug|Any CPU
		{05DFCFD6-049E-41C7-9B5A-067A8F1D0980}.Debug|x64.ActiveCfg = Debug|Any CPU
		{05DFCFD6-049E-41C7-9B5A-067A8F1D0980}.Debug|x64.Build.0 = Debug|Any CPU
		{05DFCFD6-049E-41C7-9B5A-067A8F1D0980}.Debug|x86.ActiveCfg = Debug|Any CPU
		{05DFCFD6-049E-41C7-9B5A-067A8F1D0980}.Debug|x86.Build.0 = Debug|Any CPU
		{05DFCFD6-049E-41C7-9B5A-067A8F1D0980}.Release|Any CPU.ActiveCfg = Release|Any CPU
		{05DFCFD6-049E-41C7-9B5A-067A8F1D0980}.Release|Any CPU.Build.0 = Release|Any CPU
		{05DFCFD6-049E-41C7-9B5A-067A8F1D0980}.Release|x64.ActiveCfg = Release|Any CPU
		{05DFCFD6-049E-41C7-9B5A-067A8F1D0980}.Release|x64.Build.0 = Release|Any CPU
		{05DFCFD6-049E-41C7-9B5A-067A8F1D0980}.Release|x86.ActiveCfg = Release|Any CPU
		{05DFCFD6-049E-41C7-9B5A-067A8F1D0980}.Release|x86.Build.0 = Release|Any CPU
		{DA0CA8F6-F589-474E-851B-30E4D532F508}.Debug|Any CPU.ActiveCfg = Debug|Any CPU
		{DA0CA8F6-F589-474E-851B-30E4D532F508}.Debug|Any CPU.Build.0 = Debug|Any CPU
		{DA0CA8F6-F589-474E-851B-30E4D532F508}.Debug|x64.ActiveCfg = Debug|Any CPU
		{DA0CA8F6-F589-474E-851B-30E4D532F508}.Debug|x64.Build.0 = Debug|Any CPU
		{DA0CA8F6-F589-474E-851B-30E4D532F508}.Debug|x86.ActiveCfg = Debug|Any CPU
		{DA0CA8F6-F589-474E-851B-30E4D532F508}.Debug|x86.Build.0 = Debug|Any CPU
		{DA0CA8F6-F589-474E-851B-30E4D532F508}.Release|Any CPU.ActiveCfg = Release|Any CPU
		{DA0CA8F6-F589-474E-851B-30E4D532F508}.Release|Any CPU.Build.0 = Release|Any CPU
		{DA0CA8F6-F589-474E-851B-30E4D532F508}.Release|x64.ActiveCfg = Release|Any CPU
		{DA0CA8F6-F589-474E-851B-30E4D532F508}.Release|x64.Build.0 = Release|Any CPU
		{DA0CA8F6-F589-474E-851B-30E4D532F508}.Release|x86.ActiveCfg = Release|Any CPU
		{DA0CA8F6-F589-474E-851B-30E4D532F508}.Release|x86.Build.0 = Release|Any CPU
		{7EC024AF-3125-4CF5-806E-B02FC1D5FA58}.Debug|Any CPU.ActiveCfg = Debug|Any CPU
		{7EC024AF-3125-4CF5-806E-B02FC1D5FA58}.Debug|Any CPU.Build.0 = Debug|Any CPU
		{7EC024AF-3125-4CF5-806E-B02FC1D5FA58}.Debug|x64.ActiveCfg = Debug|Any CPU
		{7EC024AF-3125-4CF5-806E-B02FC1D5FA58}.Debug|x64.Build.0 = Debug|Any CPU
		{7EC024AF-3125-4CF5-806E-B02FC1D5FA58}.Debug|x86.ActiveCfg = Debug|Any CPU
		{7EC024AF-3125-4CF5-806E-B02FC1D5FA58}.Debug|x86.Build.0 = Debug|Any CPU
		{7EC024AF-3125-4CF5-806E-B02FC1D5FA58}.Release|Any CPU.ActiveCfg = Release|Any CPU
		{7EC024AF-3125-4CF5-806E-B02FC1D5FA58}.Release|Any CPU.Build.0 = Release|Any CPU
		{7EC024AF-3125-4CF5-806E-B02FC1D5FA58}.Release|x64.ActiveCfg = Release|Any CPU
		{7EC024AF-3125-4CF5-806E-B02FC1D5FA58}.Release|x64.Build.0 = Release|Any CPU
		{7EC024AF-3125-4CF5-806E-B02FC1D5FA58}.Release|x86.ActiveCfg = Release|Any CPU
		{7EC024AF-3125-4CF5-806E-B02FC1D5FA58}.Release|x86.Build.0 = Release|Any CPU
	EndGlobalSection
	GlobalSection(NestedProjects) = preSolution
		{ECB4111B-2666-468A-8684-D1BDE22097E5} = {A127098F-0819-4486-8CF4-C01E4C608C23}
		{C25438E0-387C-483D-9B76-127C56C67D19} = {A127098F-0819-4486-8CF4-C01E4C608C23}
		{E76CDCF2-9FAD-430E-8A94-B725E263249D} = {A127098F-0819-4486-8CF4-C01E4C608C23}
		{68093F66-B950-4DCB-9A86-33D2E99DD266} = {A127098F-0819-4486-8CF4-C01E4C608C23}
		{05DFCFD6-049E-41C7-9B5A-067A8F1D0980} = {A127098F-0819-4486-8CF4-C01E4C608C23}
		{DA0CA8F6-F589-474E-851B-30E4D532F508} = {A127098F-0819-4486-8CF4-C01E4C608C23}
		{7EC024AF-3125-4CF5-806E-B02FC1D5FA58} = {A127098F-0819-4486-8CF4-C01E4C608C23}
	EndGlobalSection
EndGlobal
